
Microsoft Visual Studio Solution File, Format Version 12.00
# Visual Studio Version 17
VisualStudioVersion = 17.2.32630.192
MinimumVisualStudioVersion = 10.0.40219.1
Project("{2150E333-8FDC-42A3-9474-1A3956D46DE8}") = "misc", "misc", "{78CB6E8D-FE11-4E8D-AE99-D1AF8212D028}"
	ProjectSection(SolutionItems) = preProject
		.editorconfig = .editorconfig
		.gitignore = .gitignore
		.tag.sh = .tag.sh
		.test.sh = .test.sh
		.version = .version
		CHANGELOG.md = CHANGELOG.md
		coverlet.runsettings = coverlet.runsettings
		Directory.Build.props = Directory.Build.props
		Directory.Packages.props = Directory.Packages.props
		iconFV.png = iconFV.png
		iconMt.png = iconMt.png
		iconNet.png = iconNet.png
		README.md = README.md
	EndProjectSection
EndProject
Project("{9A19103F-16F7-4668-BE54-9A1E7A4F7556}") = "Mt.Utilities", "src\Mt.Utilities\Mt.Utilities.csproj", "{2B72A799-F55E-473E-9BC3-1AB7A7C86AAF}"
EndProject
Project("{9A19103F-16F7-4668-BE54-9A1E7A4F7556}") = "Mt.Utilities.Test", "test\Mt.Utilities.Test\Mt.Utilities.Test.csproj", "{F8A876D3-1DB1-47F0-AFFD-071DC5A505A3}"
EndProject
Project("{2150E333-8FDC-42A3-9474-1A3956D46DE8}") = "src", "src", "{83EE4041-E7F6-4096-9D40-797F54BACA44}"
EndProject
Project("{2150E333-8FDC-42A3-9474-1A3956D46DE8}") = "test", "test", "{BF24DE20-6FA5-4235-8EAE-0C75DB084A4B}"
EndProject
Project("{FAE04EC0-301F-11D3-BF4B-00C04F79EFBC}") = "Mt.Entities.Abstractions", "src\Mt.Entities.Abstractions\Mt.Entities.Abstractions.csproj", "{7BEC5684-1E96-4B51-84A8-B173DEFF80FE}"
EndProject
Project("{FAE04EC0-301F-11D3-BF4B-00C04F79EFBC}") = "Mt.Entities.Abstractions.Test", "test\Mt.Entities.Abstractions.Test\Mt.Entities.Abstractions.Test.csproj", "{74C1E74C-D52F-4363-9377-AE996159D36D}"
EndProject
Project("{FAE04EC0-301F-11D3-BF4B-00C04F79EFBC}") = "Mt.Results", "src\Mt.Results\Mt.Results.csproj", "{196B12A4-480B-4588-B1F2-9813C39E9A01}"
EndProject
Project("{FAE04EC0-301F-11D3-BF4B-00C04F79EFBC}") = "Mt.Results.Test", "test\Mt.Results.Test\Mt.Results.Test.csproj", "{B3418FAE-CBDD-4FFF-AE2C-0916DCE2E8BD}"
EndProject
Project("{FAE04EC0-301F-11D3-BF4B-00C04F79EFBC}") = "Mt.FluentValidation", "src\Mt.FluentValidation\Mt.FluentValidation.csproj", "{0041E819-AB02-480B-A475-241A56D44E02}"
EndProject
Project("{FAE04EC0-301F-11D3-BF4B-00C04F79EFBC}") = "Mt.FluentValidation.Test", "test\Mt.FluentValidation.Test\Mt.FluentValidation.Test.csproj", "{73318088-BD3D-45EC-84CA-C85221DDF229}"
EndProject
Global
	GlobalSection(SolutionConfigurationPlatforms) = preSolution
		Debug|Any CPU = Debug|Any CPU
		Release|Any CPU = Release|Any CPU
	EndGlobalSection
	GlobalSection(ProjectConfigurationPlatforms) = postSolution
		{2B72A799-F55E-473E-9BC3-1AB7A7C86AAF}.Debug|Any CPU.ActiveCfg = Debug|Any CPU
		{2B72A799-F55E-473E-9BC3-1AB7A7C86AAF}.Debug|Any CPU.Build.0 = Debug|Any CPU
		{2B72A799-F55E-473E-9BC3-1AB7A7C86AAF}.Release|Any CPU.ActiveCfg = Release|Any CPU
		{2B72A799-F55E-473E-9BC3-1AB7A7C86AAF}.Release|Any CPU.Build.0 = Release|Any CPU
		{F8A876D3-1DB1-47F0-AFFD-071DC5A505A3}.Debug|Any CPU.ActiveCfg = Debug|Any CPU
		{F8A876D3-1DB1-47F0-AFFD-071DC5A505A3}.Debug|Any CPU.Build.0 = Debug|Any CPU
		{F8A876D3-1DB1-47F0-AFFD-071DC5A505A3}.Release|Any CPU.ActiveCfg = Release|Any CPU
		{F8A876D3-1DB1-47F0-AFFD-071DC5A505A3}.Release|Any CPU.Build.0 = Release|Any CPU
		{7BEC5684-1E96-4B51-84A8-B173DEFF80FE}.Debug|Any CPU.ActiveCfg = Debug|Any CPU
		{7BEC5684-1E96-4B51-84A8-B173DEFF80FE}.Debug|Any CPU.Build.0 = Debug|Any CPU
		{7BEC5684-1E96-4B51-84A8-B173DEFF80FE}.Release|Any CPU.ActiveCfg = Release|Any CPU
		{7BEC5684-1E96-4B51-84A8-B173DEFF80FE}.Release|Any CPU.Build.0 = Release|Any CPU
		{74C1E74C-D52F-4363-9377-AE996159D36D}.Debug|Any CPU.ActiveCfg = Debug|Any CPU
		{74C1E74C-D52F-4363-9377-AE996159D36D}.Debug|Any CPU.Build.0 = Debug|Any CPU
		{74C1E74C-D52F-4363-9377-AE996159D36D}.Release|Any CPU.ActiveCfg = Release|Any CPU
		{74C1E74C-D52F-4363-9377-AE996159D36D}.Release|Any CPU.Build.0 = Release|Any CPU
		{196B12A4-480B-4588-B1F2-9813C39E9A01}.Debug|Any CPU.ActiveCfg = Debug|Any CPU
		{196B12A4-480B-4588-B1F2-9813C39E9A01}.Debug|Any CPU.Build.0 = Debug|Any CPU
		{196B12A4-480B-4588-B1F2-9813C39E9A01}.Release|Any CPU.ActiveCfg = Release|Any CPU
		{196B12A4-480B-4588-B1F2-9813C39E9A01}.Release|Any CPU.Build.0 = Release|Any CPU
		{B3418FAE-CBDD-4FFF-AE2C-0916DCE2E8BD}.Debug|Any CPU.ActiveCfg = Debug|Any CPU
		{B3418FAE-CBDD-4FFF-AE2C-0916DCE2E8BD}.Debug|Any CPU.Build.0 = Debug|Any CPU
		{B3418FAE-CBDD-4FFF-AE2C-0916DCE2E8BD}.Release|Any CPU.ActiveCfg = Release|Any CPU
		{B3418FAE-CBDD-4FFF-AE2C-0916DCE2E8BD}.Release|Any CPU.Build.0 = Release|Any CPU
		{0041E819-AB02-480B-A475-241A56D44E02}.Debug|Any CPU.ActiveCfg = Debug|Any CPU
		{0041E819-AB02-480B-A475-241A56D44E02}.Debug|Any CPU.Build.0 = Debug|Any CPU
		{0041E819-AB02-480B-A475-241A56D44E02}.Release|Any CPU.ActiveCfg = Release|Any CPU
		{0041E819-AB02-480B-A475-241A56D44E02}.Release|Any CPU.Build.0 = Release|Any CPU
		{73318088-BD3D-45EC-84CA-C85221DDF229}.Debug|Any CPU.ActiveCfg = Debug|Any CPU
		{73318088-BD3D-45EC-84CA-C85221DDF229}.Debug|Any CPU.Build.0 = Debug|Any CPU
		{73318088-BD3D-45EC-84CA-C85221DDF229}.Release|Any CPU.ActiveCfg = Release|Any CPU
		{73318088-BD3D-45EC-84CA-C85221DDF229}.Release|Any CPU.Build.0 = Release|Any CPU
	EndGlobalSection
	GlobalSection(SolutionProperties) = preSolution
		HideSolutionNode = FALSE
	EndGlobalSection
	GlobalSection(NestedProjects) = preSolution
		{2B72A799-F55E-473E-9BC3-1AB7A7C86AAF} = {83EE4041-E7F6-4096-9D40-797F54BACA44}
		{F8A876D3-1DB1-47F0-AFFD-071DC5A505A3} = {BF24DE20-6FA5-4235-8EAE-0C75DB084A4B}
		{7BEC5684-1E96-4B51-84A8-B173DEFF80FE} = {83EE4041-E7F6-4096-9D40-797F54BACA44}
		{74C1E74C-D52F-4363-9377-AE996159D36D} = {BF24DE20-6FA5-4235-8EAE-0C75DB084A4B}
		{196B12A4-480B-4588-B1F2-9813C39E9A01} = {83EE4041-E7F6-4096-9D40-797F54BACA44}
		{B3418FAE-CBDD-4FFF-AE2C-0916DCE2E8BD} = {BF24DE20-6FA5-4235-8EAE-0C75DB084A4B}
		{0041E819-AB02-480B-A475-241A56D44E02} = {83EE4041-E7F6-4096-9D40-797F54BACA44}
		{73318088-BD3D-45EC-84CA-C85221DDF229} = {BF24DE20-6FA5-4235-8EAE-0C75DB084A4B}
	EndGlobalSection
	GlobalSection(ExtensibilityGlobals) = postSolution
		SolutionGuid = {47EA194E-B034-4ED4-BDD3-041FB978904F}
	EndGlobalSection
EndGlobal
